<Solution>
  <Folder Name="/src/">
    <Project Path="src/ControlAgentNet.Channels.Console/ControlAgentNet.Channels.Console.csproj" />
  </Folder>
  <Folder Name="/tests/">
    <Project Path="tests/ControlAgentNet.Channels.Console.Tests/ControlAgentNet.Channels.Console.Tests.csproj" />
  </Folder>
  <Folder Name="/samples/">
    <Project Path="samples/HelloWorld.Console/HelloWorld.Console.csproj" />
  </Folder>
</Solution>
